
Microsoft Visual Studio Solution File, Format Version 12.00
# Visual Studio Version 17
VisualStudioVersion = 17.1.32421.90
MinimumVisualStudioVersion = 10.0.40219.1
Project("{FAE04EC0-301F-11D3-BF4B-00C04F79EFBC}") = "nomina2", "nomina2\nomina2.csproj", "{5ECAA721-D58D-4C07-8435-E56FF62B77DC}"
EndProject
Global
	GlobalSection(SolutionConfigurationPlatforms) = preSolution
		Debug|Any CPU = Debug|Any CPU
		Release|Any CPU = Release|Any CPU
	EndGlobalSection
	GlobalSection(ProjectConfigurationPlatforms) = postSolution
		{5ECAA721-D58D-4C07-8435-E56FF62B77DC}.Debug|Any CPU.ActiveCfg = Debug|Any CPU
		{5ECAA721-D58D-4C07-8435-E56FF62B77DC}.Debug|Any CPU.Build.0 = Debug|Any CPU
		{5ECAA721-D58D-4C07-8435-E56FF62B77DC}.Release|Any CPU.ActiveCfg = Release|Any CPU
		{5ECAA721-D58D-4C07-8435-E56FF62B77DC}.Release|Any CPU.Build.0 = Release|Any CPU
	EndGlobalSection
	GlobalSection(SolutionProperties) = preSolution
		HideSolutionNode = FALSE
	EndGlobalSection
	GlobalSection(ExtensibilityGlobals) = postSolution
		SolutionGuid = {0665BC2B-58EC-4B0F-8AA1-CC77175559EB}
	EndGlobalSection
EndGlobal
